
Microsoft Visual Studio Solution File, Format Version 12.00
# Visual Studio 15
VisualStudioVersion = 15.0.27130.2010
MinimumVisualStudioVersion = 10.0.40219.1
Project("{FAE04EC0-301F-11D3-BF4B-00C04F79EFBC}") = "ApiTestWeb", "ApiTestWeb\ApiTestWeb.csproj", "{68B2FC13-0BC9-48AD-B32C-23366A756092}"
EndProject
Global
	GlobalSection(SolutionConfigurationPlatforms) = preSolution
		Debug|Any CPU = Debug|Any CPU
		Release|Any CPU = Release|Any CPU
	EndGlobalSection
	GlobalSection(ProjectConfigurationPlatforms) = postSolution
		{68B2FC13-0BC9-48AD-B32C-23366A756092}.Debug|Any CPU.ActiveCfg = Debug|Any CPU
		{68B2FC13-0BC9-48AD-B32C-23366A756092}.Debug|Any CPU.Build.0 = Debug|Any CPU
		{68B2FC13-0BC9-48AD-B32C-23366A756092}.Release|Any CPU.ActiveCfg = Release|Any CPU
		{68B2FC13-0BC9-48AD-B32C-23366A756092}.Release|Any CPU.Build.0 = Release|Any CPU
	EndGlobalSection
	GlobalSection(SolutionProperties) = preSolution
		HideSolutionNode = FALSE
	EndGlobalSection
	GlobalSection(ExtensibilityGlobals) = postSolution
		SolutionGuid = {FA57BCBC-258C-4FC5-8AF5-C8D3F081FCD4}
	EndGlobalSection
EndGlobal
